
Microsoft Visual Studio Solution File, Format Version 12.00
# Visual Studio Version 16
VisualStudioVersion = 16.0.29613.14
MinimumVisualStudioVersion = 15.0.26124.0
Project("{2150E333-8FDC-42A3-9474-1A3956D46DE8}") = "samples", "samples", "{AD4CDBE7-FC04-4D45-BCA0-3300D78426EB}"
EndProject
Project("{2150E333-8FDC-42A3-9474-1A3956D46DE8}") = "src", "src", "{35038F27-977B-45C6-A299-B1C164A7EA80}"
EndProject
Project("{9A19103F-16F7-4668-BE54-9A1E7A4F7556}") = "Pubbie", "src\Pubbie\Pubbie.csproj", "{5C440884-A0E0-410F-AFA3-1F05A35C2583}"
EndProject
Project("{9A19103F-16F7-4668-BE54-9A1E7A4F7556}") = "Client", "samples\Client\Client.csproj", "{477999EC-C5E1-4EB6-87DD-710276832175}"
	ProjectSection(ProjectDependencies) = postProject
		{E6FE5720-F7AB-4030-890C-0AC2A0A77B40} = {E6FE5720-F7AB-4030-890C-0AC2A0A77B40}
	EndProjectSection
EndProject
Project("{9A19103F-16F7-4668-BE54-9A1E7A4F7556}") = "Server", "samples\Server\Server.csproj", "{E6FE5720-F7AB-4030-890C-0AC2A0A77B40}"
EndProject
Project("{FAE04EC0-301F-11D3-BF4B-00C04F79EFBC}") = "Pubbie.Tests", "test\Pubbie.Tests\Pubbie.Tests.csproj", "{74A424D9-90FF-494D-87AA-19DEA0056FC1}"
EndProject
Project("{2150E333-8FDC-42A3-9474-1A3956D46DE8}") = "test", "test", "{859F9DFD-A449-4626-AC21-680C51A8E081}"
EndProject
Global
	GlobalSection(SolutionConfigurationPlatforms) = preSolution
		Debug|Any CPU = Debug|Any CPU
		Debug|x64 = Debug|x64
		Debug|x86 = Debug|x86
		Release|Any CPU = Release|Any CPU
		Release|x64 = Release|x64
		Release|x86 = Release|x86
	EndGlobalSection
	GlobalSection(ProjectConfigurationPlatforms) = postSolution
		{5C440884-A0E0-410F-AFA3-1F05A35C2583}.Debug|Any CPU.ActiveCfg = Debug|Any CPU
		{5C440884-A0E0-410F-AFA3-1F05A35C2583}.Debug|Any CPU.Build.0 = Debug|Any CPU
		{5C440884-A0E0-410F-AFA3-1F05A35C2583}.Debug|x64.ActiveCfg = Debug|Any CPU
		{5C440884-A0E0-410F-AFA3-1F05A35C2583}.Debug|x64.Build.0 = Debug|Any CPU
		{5C440884-A0E0-410F-AFA3-1F05A35C2583}.Debug|x86.ActiveCfg = Debug|Any CPU
		{5C440884-A0E0-410F-AFA3-1F05A35C2583}.Debug|x86.Build.0 = Debug|Any CPU
		{5C440884-A0E0-410F-AFA3-1F05A35C2583}.Release|Any CPU.ActiveCfg = Release|Any CPU
		{5C440884-A0E0-410F-AFA3-1F05A35C2583}.Release|Any CPU.Build.0 = Release|Any CPU
		{5C440884-A0E0-410F-AFA3-1F05A35C2583}.Release|x64.ActiveCfg = Release|Any CPU
		{5C440884-A0E0-410F-AFA3-1F05A35C2583}.Release|x64.Build.0 = Release|Any CPU
		{5C440884-A0E0-410F-AFA3-1F05A35C2583}.Release|x86.ActiveCfg = Release|Any CPU
		{5C440884-A0E0-410F-AFA3-1F05A35C2583}.Release|x86.Build.0 = Release|Any CPU
		{477999EC-C5E1-4EB6-87DD-710276832175}.Debug|Any CPU.ActiveCfg = Debug|Any CPU
		{477999EC-C5E1-4EB6-87DD-710276832175}.Debug|Any CPU.Build.0 = Debug|Any CPU
		{477999EC-C5E1-4EB6-87DD-710276832175}.Debug|x64.ActiveCfg = Debug|Any CPU
		{477999EC-C5E1-4EB6-87DD-710276832175}.Debug|x64.Build.0 = Debug|Any CPU
		{477999EC-C5E1-4EB6-87DD-710276832175}.Debug|x86.ActiveCfg = Debug|Any CPU
		{477999EC-C5E1-4EB6-87DD-710276832175}.Debug|x86.Build.0 = Debug|Any CPU
		{477999EC-C5E1-4EB6-87DD-710276832175}.Release|Any CPU.ActiveCfg = Release|Any CPU
		{477999EC-C5E1-4EB6-87DD-710276832175}.Release|Any CPU.Build.0 = Release|Any CPU
		{477999EC-C5E1-4EB6-87DD-710276832175}.Release|x64.ActiveCfg = Release|Any CPU
		{477999EC-C5E1-4EB6-87DD-710276832175}.Release|x64.Build.0 = Release|Any CPU
		{477999EC-C5E1-4EB6-87DD-710276832175}.Release|x86.ActiveCfg = Release|Any CPU
		{477999EC-C5E1-4EB6-87DD-710276832175}.Release|x86.Build.0 = Release|Any CPU
		{E6FE5720-F7AB-4030-890C-0AC2A0A77B40}.Debug|Any CPU.ActiveCfg = Debug|Any CPU
		{E6FE5720-F7AB-4030-890C-0AC2A0A77B40}.Debug|Any CPU.Build.0 = Debug|Any CPU
		{E6FE5720-F7AB-4030-890C-0AC2A0A77B40}.Debug|x64.ActiveCfg = Debug|Any CPU
		{E6FE5720-F7AB-4030-890C-0AC2A0A77B40}.Debug|x64.Build.0 = Debug|Any CPU
		{E6FE5720-F7AB-4030-890C-0AC2A0A77B40}.Debug|x86.ActiveCfg = Debug|Any CPU
		{E6FE5720-F7AB-4030-890C-0AC2A0A77B40}.Debug|x86.Build.0 = Debug|Any CPU
		{E6FE5720-F7AB-4030-890C-0AC2A0A77B40}.Release|Any CPU.ActiveCfg = Release|Any CPU
		{E6FE5720-F7AB-4030-890C-0AC2A0A77B40}.Release|Any CPU.Build.0 = Release|Any CPU
		{E6FE5720-F7AB-4030-890C-0AC2A0A77B40}.Release|x64.ActiveCfg = Release|Any CPU
		{E6FE5720-F7AB-4030-890C-0AC2A0A77B40}.Release|x64.Build.0 = Release|Any CPU
		{E6FE5720-F7AB-4030-890C-0AC2A0A77B40}.Release|x86.ActiveCfg = Release|Any CPU
		{E6FE5720-F7AB-4030-890C-0AC2A0A77B40}.Release|x86.Build.0 = Release|Any CPU
		{74A424D9-90FF-494D-87AA-19DEA0056FC1}.Debug|Any CPU.ActiveCfg = Debug|Any CPU
		{74A424D9-90FF-494D-87AA-19DEA0056FC1}.Debug|Any CPU.Build.0 = Debug|Any CPU
		{74A424D9-90FF-494D-87AA-19DEA0056FC1}.Debug|x64.ActiveCfg = Debug|Any CPU
		{74A424D9-90FF-494D-87AA-19DEA0056FC1}.Debug|x64.Build.0 = Debug|Any CPU
		{74A424D9-90FF-494D-87AA-19DEA0056FC1}.Debug|x86.ActiveCfg = Debug|Any CPU
		{74A424D9-90FF-494D-87AA-19DEA0056FC1}.Debug|x86.Build.0 = Debug|Any CPU
		{74A424D9-90FF-494D-87AA-19DEA0056FC1}.Release|Any CPU.ActiveCfg = Release|Any CPU
		{74A424D9-90FF-494D-87AA-19DEA0056FC1}.Release|Any CPU.Build.0 = Release|Any CPU
		{74A424D9-90FF-494D-87AA-19DEA0056FC1}.Release|x64.ActiveCfg = Release|Any CPU
		{74A424D9-90FF-494D-87AA-19DEA0056FC1}.Release|x64.Build.0 = Release|Any CPU
		{74A424D9-90FF-494D-87AA-19DEA0056FC1}.Release|x86.ActiveCfg = Release|Any CPU
		{74A424D9-90FF-494D-87AA-19DEA0056FC1}.Release|x86.Build.0 = Release|Any CPU
	EndGlobalSection
	GlobalSection(SolutionProperties) = preSolution
		HideSolutionNode = FALSE
	EndGlobalSection
	GlobalSection(NestedProjects) = preSolution
		{5C440884-A0E0-410F-AFA3-1F05A35C2583} = {35038F27-977B-45C6-A299-B1C164A7EA80}
		{477999EC-C5E1-4EB6-87DD-710276832175} = {AD4CDBE7-FC04-4D45-BCA0-3300D78426EB}
		{E6FE5720-F7AB-4030-890C-0AC2A0A77B40} = {AD4CDBE7-FC04-4D45-BCA0-3300D78426EB}
		{74A424D9-90FF-494D-87AA-19DEA0056FC1} = {859F9DFD-A449-4626-AC21-680C51A8E081}
	EndGlobalSection
	GlobalSection(ExtensibilityGlobals) = postSolution
		SolutionGuid = {B48E35F6-DE1A-4A76-8289-C0E8929C65A5}
	EndGlobalSection
EndGlobal
